// !$*UTF8*$!
{
	archiveVersion = 1;
	classes = {
	};
	objectVersion = 56;
	objects = {

/* Begin PBXBuildFile section */
		998BE0312A998AEB00138DB0 /* Presidential_ElectionsApp.swift in Sources */ = {isa = PBXBuildFile; fileRef = 998BE0302A998AEB00138DB0 /* Presidential_ElectionsApp.swift */; };
		998BE0332A998AEB00138DB0 /* ContentView.swift in Sources */ = {isa = PBXBuildFile; fileRef = 998BE0322A998AEB00138DB0 /* ContentView.swift */; };
		998BE0352A998AEF00138DB0 /* Assets.xcassets in Resources */ = {isa = PBXBuildFile; fileRef = 998BE0342A998AEF00138DB0 /* Assets.xcassets */; };
		998BE0382A998AEF00138DB0 /* Preview Assets.xcassets in Resources */ = {isa = PBXBuildFile; fileRef = 998BE0372A998AEF00138DB0 /* Preview Assets.xcassets */; };
		998BE0422A998AEF00138DB0 /* Presidential_ElectionsTests.swift in Sources */ = {isa = PBXBuildFile; fileRef = 998BE0412A998AEF00138DB0 /* Presidential_ElectionsTests.swift */; };
		998BE04C2A998AEF00138DB0 /* Presidential_ElectionsUITests.swift in Sources */ = {isa = PBXBuildFile; fileRef = 998BE04B2A998AEF00138DB0 /* Presidential_ElectionsUITests.swift */; };
		998BE04E2A998AEF00138DB0 /* Presidential_ElectionsUITestsLaunchTests.swift in Sources */ = {isa = PBXBuildFile; fileRef = 998BE04D2A998AEF00138DB0 /* Presidential_ElectionsUITestsLaunchTests.swift */; };
		998BE05B2A998C4F00138DB0 /* Candidate.swift in Sources */ = {isa = PBXBuildFile; fileRef = 998BE05A2A998C4F00138DB0 /* Candidate.swift */; };
		998BE05D2A998C6900138DB0 /* Candidates+SampleData.swift in Sources */ = {isa = PBXBuildFile; fileRef = 998BE05C2A998C6900138DB0 /* Candidates+SampleData.swift */; };
		998BE0612A99966F00138DB0 /* CandidatesManager.swift in Sources */ = {isa = PBXBuildFile; fileRef = 998BE0602A99966F00138DB0 /* CandidatesManager.swift */; };
		998BE0632A9999BB00138DB0 /* CandidateDetailView.swift in Sources */ = {isa = PBXBuildFile; fileRef = 998BE0622A9999BB00138DB0 /* CandidateDetailView.swift */; };
/* End PBXBuildFile section */

/* Begin PBXContainerItemProxy section */
		998BE03E2A998AEF00138DB0 /* PBXContainerItemProxy */ = {
			isa = PBXContainerItemProxy;
			containerPortal = 998BE0252A998AEB00138DB0 /* Project object */;
			proxyType = 1;
			remoteGlobalIDString = 998BE02C2A998AEB00138DB0;
			remoteInfo = "Presidential Elections";
		};
		998BE0482A998AEF00138DB0 /* PBXContainerItemProxy */ = {
			isa = PBXContainerItemProxy;
			containerPortal = 998BE0252A998AEB00138DB0 /* Project object */;
			proxyType = 1;
			remoteGlobalIDString = 998BE02C2A998AEB00138DB0;
			remoteInfo = "Presidential Elections";
		};
/* End PBXContainerItemProxy section */

/* Begin PBXFileReference section */
		998BE02D2A998AEB00138DB0 /* Presidential Elections.app */ = {isa = PBXFileReference; explicitFileType = wrapper.application; includeInIndex = 0; path = "Presidential Elections.app"; sourceTree = BUILT_PRODUCTS_DIR; };
		998BE0302A998AEB00138DB0 /* Presidential_ElectionsApp.swift */ = {isa = PBXFileReference; lastKnownFileType = sourcecode.swift; path = Presidential_ElectionsApp.swift; sourceTree = "<group>"; };
		998BE0322A998AEB00138DB0 /* ContentView.swift */ = {isa = PBXFileReference; lastKnownFileType = sourcecode.swift; path = ContentView.swift; sourceTree = "<group>"; };
		998BE0342A998AEF00138DB0 /* Assets.xcassets */ = {isa = PBXFileReference; lastKnownFileType = folder.assetcatalog; path = Assets.xcassets; sourceTree = "<group>"; };
		998BE0372A998AEF00138DB0 /* Preview Assets.xcassets */ = {isa = PBXFileReference; lastKnownFileType = folder.assetcatalog; path = "Preview Assets.xcassets"; sourceTree = "<group>"; };
		998BE03D2A998AEF00138DB0 /* Presidential ElectionsTests.xctest */ = {isa = PBXFileReference; explicitFileType = wrapper.cfbundle; includeInIndex = 0; path = "Presidential ElectionsTests.xctest"; sourceTree = BUILT_PRODUCTS_DIR; };
		998BE0412A998AEF00138DB0 /* Presidential_ElectionsTests.swift */ = {isa = PBXFileReference; lastKnownFileType = sourcecode.swift; path = Presidential_ElectionsTests.swift; sourceTree = "<group>"; };
		998BE0472A998AEF00138DB0 /* Presidential ElectionsUITests.xctest */ = {isa = PBXFileReference; explicitFileType = wrapper.cfbundle; includeInIndex = 0; path = "Presidential ElectionsUITests.xctest"; sourceTree = BUILT_PRODUCTS_DIR; };
		998BE04B2A998AEF00138DB0 /* Presidential_ElectionsUITests.swift */ = {isa = PBXFileReference; lastKnownFileType = sourcecode.swift; path = Presidential_ElectionsUITests.swift; sourceTree = "<group>"; };
		998BE04D2A998AEF00138DB0 /* Presidential_ElectionsUITestsLaunchTests.swift */ = {isa = PBXFileReference; lastKnownFileType = sourcecode.swift; path = Presidential_ElectionsUITestsLaunchTests.swift; sourceTree = "<group>"; };
		998BE05A2A998C4F00138DB0 /* Candidate.swift */ = {isa = PBXFileReference; lastKnownFileType = sourcecode.swift; path = Candidate.swift; sourceTree = "<group>"; };
		998BE05C2A998C6900138DB0 /* Candidates+SampleData.swift */ = {isa = PBXFileReference; lastKnownFileType = sourcecode.swift; path = "Candidates+SampleData.swift"; sourceTree = "<group>"; };
		998BE0602A99966F00138DB0 /* CandidatesManager.swift */ = {isa = PBXFileReference; lastKnownFileType = sourcecode.swift; path = CandidatesManager.swift; sourceTree = "<group>"; };
		998BE0622A9999BB00138DB0 /* CandidateDetailView.swift */ = {isa = PBXFileReference; lastKnownFileType = sourcecode.swift; path = CandidateDetailView.swift; sourceTree = "<group>"; };
/* End PBXFileReference section */

/* Begin PBXFrameworksBuildPhase section */
		998BE02A2A998AEB00138DB0 /* Frameworks */ = {
			isa = PBXFrameworksBuildPhase;
			buildActionMask = 2147483647;
			files = (
			);
			runOnlyForDeploymentPostprocessing = 0;
		};
		998BE03A2A998AEF00138DB0 /* Frameworks */ = {
			isa = PBXFrameworksBuildPhase;
			buildActionMask = 2147483647;
			files = (
			);
			runOnlyForDeploymentPostprocessing = 0;
		};
		998BE0442A998AEF00138DB0 /* Frameworks */ = {
			isa = PBXFrameworksBuildPhase;
			buildActionMask = 2147483647;
			files = (
			);
			runOnlyForDeploymentPostprocessing = 0;
		};
/* End PBXFrameworksBuildPhase section */

/* Begin PBXGroup section */
		998BE0242A998AEB00138DB0 = {
			isa = PBXGroup;
			children = (
				998BE02F2A998AEB00138DB0 /* Presidential Elections */,
				998BE0402A998AEF00138DB0 /* Presidential ElectionsTests */,
				998BE04A2A998AEF00138DB0 /* Presidential ElectionsUITests */,
				998BE02E2A998AEB00138DB0 /* Products */,
			);
			sourceTree = "<group>";
		};
		998BE02E2A998AEB00138DB0 /* Products */ = {
			isa = PBXGroup;
			children = (
				998BE02D2A998AEB00138DB0 /* Presidential Elections.app */,
				998BE03D2A998AEF00138DB0 /* Presidential ElectionsTests.xctest */,
				998BE0472A998AEF00138DB0 /* Presidential ElectionsUITests.xctest */,
			);
			name = Products;
			sourceTree = "<group>";
		};
		998BE02F2A998AEB00138DB0 /* Presidential Elections */ = {
			isa = PBXGroup;
			children = (
				998BE0302A998AEB00138DB0 /* Presidential_ElectionsApp.swift */,
				998BE05F2A99963800138DB0 /* Views */,
				998BE05E2A99961600138DB0 /* Model+ViewModel */,
				998BE0342A998AEF00138DB0 /* Assets.xcassets */,
				998BE0362A998AEF00138DB0 /* Preview Content */,
			);
			path = "Presidential Elections";
			sourceTree = "<group>";
		};
		998BE0362A998AEF00138DB0 /* Preview Content */ = {
			isa = PBXGroup;
			children = (
				998BE0372A998AEF00138DB0 /* Preview Assets.xcassets */,
			);
			path = "Preview Content";
			sourceTree = "<group>";
		};
		998BE0402A998AEF00138DB0 /* Presidential ElectionsTests */ = {
			isa = PBXGroup;
			children = (
				998BE0412A998AEF00138DB0 /* Presidential_ElectionsTests.swift */,
			);
			path = "Presidential ElectionsTests";
			sourceTree = "<group>";
		};
		998BE04A2A998AEF00138DB0 /* Presidential ElectionsUITests */ = {
			isa = PBXGroup;
			children = (
				998BE04B2A998AEF00138DB0 /* Presidential_ElectionsUITests.swift */,
				998BE04D2A998AEF00138DB0 /* Presidential_ElectionsUITestsLaunchTests.swift */,
			);
			path = "Presidential ElectionsUITests";
			sourceTree = "<group>";
		};
		998BE05E2A99961600138DB0 /* Model+ViewModel */ = {
			isa = PBXGroup;
			children = (
				998BE05A2A998C4F00138DB0 /* Candidate.swift */,
				998BE05C2A998C6900138DB0 /* Candidates+SampleData.swift */,
				998BE0602A99966F00138DB0 /* CandidatesManager.swift */,
			);
			path = "Model+ViewModel";
			sourceTree = "<group>";
		};
		998BE05F2A99963800138DB0 /* Views */ = {
			isa = PBXGroup;
			children = (
				998BE0322A998AEB00138DB0 /* ContentView.swift */,
				998BE0622A9999BB00138DB0 /* CandidateDetailView.swift */,
			);
			path = Views;
			sourceTree = "<group>";
		};
/* End PBXGroup section */

/* Begin PBXNativeTarget section */
		998BE02C2A998AEB00138DB0 /* Presidential Elections */ = {
			isa = PBXNativeTarget;
			buildConfigurationList = 998BE0512A998AEF00138DB0 /* Build configuration list for PBXNativeTarget "Presidential Elections" */;
			buildPhases = (
				998BE0292A998AEB00138DB0 /* Sources */,
				998BE02A2A998AEB00138DB0 /* Frameworks */,
				998BE02B2A998AEB00138DB0 /* Resources */,
			);
			buildRules = (
			);
			dependencies = (
			);
			name = "Presidential Elections";
			productName = "Presidential Elections";
			productReference = 998BE02D2A998AEB00138DB0 /* Presidential Elections.app */;
			productType = "com.apple.product-type.application";
		};
		998BE03C2A998AEF00138DB0 /* Presidential ElectionsTests */ = {
			isa = PBXNativeTarget;
			buildConfigurationList = 998BE0542A998AEF00138DB0 /* Build configuration list for PBXNativeTarget "Presidential ElectionsTests" */;
			buildPhases = (
				998BE0392A998AEF00138DB0 /* Sources */,
				998BE03A2A998AEF00138DB0 /* Frameworks */,
				998BE03B2A998AEF00138DB0 /* Resources */,
			);
			buildRules = (
			);
			dependencies = (
				998BE03F2A998AEF00138DB0 /* PBXTargetDependency */,
			);
			name = "Presidential ElectionsTests";
			productName = "Presidential ElectionsTests";
			productReference = 998BE03D2A998AEF00138DB0 /* Presidential ElectionsTests.xctest */;
			productType = "com.apple.product-type.bundle.unit-test";
		};
		998BE0462A998AEF00138DB0 /* Presidential ElectionsUITests */ = {
			isa = PBXNativeTarget;
			buildConfigurationList = 998BE0572A998AEF00138DB0 /* Build configuration list for PBXNativeTarget "Presidential ElectionsUITests" */;
			buildPhases = (
				998BE0432A998AEF00138DB0 /* Sources */,
				998BE0442A998AEF00138DB0 /* Frameworks */,
				998BE0452A998AEF00138DB0 /* Resources */,
			);
			buildRules = (
			);
			dependencies = (
				998BE0492A998AEF00138DB0 /* PBXTargetDependency */,
			);
			name = "Presidential ElectionsUITests";
			productName = "Presidential ElectionsUITests";
			productReference = 998BE0472A998AEF00138DB0 /* Presidential ElectionsUITests.xctest */;
			productType = "com.apple.product-type.bundle.ui-testing";
		};
/* End PBXNativeTarget section */

/* Begin PBXProject section */
		998BE0252A998AEB00138DB0 /* Project object */ = {
			isa = PBXProject;
			attributes = {
				BuildIndependentTargetsInParallel = 1;
				LastSwiftUpdateCheck = 1430;
				LastUpgradeCheck = 1430;
				TargetAttributes = {
					998BE02C2A998AEB00138DB0 = {
						CreatedOnToolsVersion = 14.3.1;
					};
					998BE03C2A998AEF00138DB0 = {
						CreatedOnToolsVersion = 14.3.1;
						TestTargetID = 998BE02C2A998AEB00138DB0;
					};
					998BE0462A998AEF00138DB0 = {
						CreatedOnToolsVersion = 14.3.1;
						TestTargetID = 998BE02C2A998AEB00138DB0;
					};
				};
			};
			buildConfigurationList = 998BE0282A998AEB00138DB0 /* Build configuration list for PBXProject "Presidential Elections" */;
			compatibilityVersion = "Xcode 14.0";
			developmentRegion = en;
			hasScannedForEncodings = 0;
			knownRegions = (
				en,
				Base,
			);
			mainGroup = 998BE0242A998AEB00138DB0;
			productRefGroup = 998BE02E2A998AEB00138DB0 /* Products */;
			projectDirPath = "";
			projectRoot = "";
			targets = (
				998BE02C2A998AEB00138DB0 /* Presidential Elections */,
				998BE03C2A998AEF00138DB0 /* Presidential ElectionsTests */,
				998BE0462A998AEF00138DB0 /* Presidential ElectionsUITests */,
			);
		};
/* End PBXProject section */

/* Begin PBXResourcesBuildPhase section */
		998BE02B2A998AEB00138DB0 /* Resources */ = {
			isa = PBXResourcesBuildPhase;
			buildActionMask = 2147483647;
			files = (
				998BE0382A998AEF00138DB0 /* Preview Assets.xcassets in Resources */,
				998BE0352A998AEF00138DB0 /* Assets.xcassets in Resources */,
			);
			runOnlyForDeploymentPostprocessing = 0;
		};
		998BE03B2A998AEF00138DB0 /* Resources */ = {
			isa = PBXResourcesBuildPhase;
			buildActionMask = 2147483647;
			files = (
			);
			runOnlyForDeploymentPostprocessing = 0;
		};
		998BE0452A998AEF00138DB0 /* Resources */ = {
			isa = PBXResourcesBuildPhase;
			buildActionMask = 2147483647;
			files = (
			);
			runOnlyForDeploymentPostprocessing = 0;
		};
/* End PBXResourcesBuildPhase section */

/* Begin PBXSourcesBuildPhase section */
		998BE0292A998AEB00138DB0 /* Sources */ = {
			isa = PBXSourcesBuildPhase;
			buildActionMask = 2147483647;
			files = (
				998BE0612A99966F00138DB0 /* CandidatesManager.swift in Sources */,
				998BE0632A9999BB00138DB0 /* CandidateDetailView.swift in Sources */,
				998BE05B2A998C4F00138DB0 /* Candidate.swift in Sources */,
				998BE05D2A998C6900138DB0 /* Candidates+SampleData.swift in Sources */,
				998BE0332A998AEB00138DB0 /* ContentView.swift in Sources */,
				998BE0312A998AEB00138DB0 /* Presidential_ElectionsApp.swift in Sources */,
			);
			runOnlyForDeploymentPostprocessing = 0;
		};
		998BE0392A998AEF00138DB0 /* Sources */ = {
			isa = PBXSourcesBuildPhase;
			buildActionMask = 2147483647;
			files = (
				998BE0422A998AEF00138DB0 /* Presidential_ElectionsTests.swift in Sources */,
			);
			runOnlyForDeploymentPostprocessing = 0;
		};
		998BE0432A998AEF00138DB0 /* Sources */ = {
			isa = PBXSourcesBuildPhase;
			buildActionMask = 2147483647;
			files = (
				998BE04C2A998AEF00138DB0 /* Presidential_ElectionsUITests.swift in Sources */,
				998BE04E2A998AEF00138DB0 /* Presidential_ElectionsUITestsLaunchTests.swift in Sources */,
			);
			runOnlyForDeploymentPostprocessing = 0;
		};
/* End PBXSourcesBuildPhase section */

/* Begin PBXTargetDependency section */
		998BE03F2A998AEF00138DB0 /* PBXTargetDependency */ = {
			isa = PBXTargetDependency;
			target = 998BE02C2A998AEB00138DB0 /* Presidential Elections */;
			targetProxy = 998BE03E2A998AEF00138DB0 /* PBXContainerItemProxy */;
		};
		998BE0492A998AEF00138DB0 /* PBXTargetDependency */ = {
			isa = PBXTargetDependency;
			target = 998BE02C2A998AEB00138DB0 /* Presidential Elections */;
			targetProxy = 998BE0482A998AEF00138DB0 /* PBXContainerItemProxy */;
		};
/* End PBXTargetDependency section */

/* Begin XCBuildConfiguration section */
		998BE04F2A998AEF00138DB0 /* Debug */ = {
			isa = XCBuildConfiguration;
			buildSettings = {
				ALWAYS_SEARCH_USER_PATHS = NO;
				CLANG_ANALYZER_NONNULL = YES;
				CLANG_ANALYZER_NUMBER_OBJECT_CONVERSION = YES_AGGRESSIVE;
				CLANG_CXX_LANGUAGE_STANDARD = "gnu++20";
				CLANG_ENABLE_MODULES = YES;
				CLANG_ENABLE_OBJC_ARC = YES;
				CLANG_ENABLE_OBJC_WEAK = YES;
				CLANG_WARN_BLOCK_CAPTURE_AUTORELEASING = YES;
				CLANG_WARN_BOOL_CONVERSION = YES;
				CLANG_WARN_COMMA = YES;
				CLANG_WARN_CONSTANT_CONVERSION = YES;
				CLANG_WARN_DEPRECATED_OBJC_IMPLEMENTATIONS = YES;
				CLANG_WARN_DIRECT_OBJC_ISA_USAGE = YES_ERROR;
				CLANG_WARN_DOCUMENTATION_COMMENTS = YES;
				CLANG_WARN_EMPTY_BODY = YES;
				CLANG_WARN_ENUM_CONVERSION = YES;
				CLANG_WARN_INFINITE_RECURSION = YES;
				CLANG_WARN_INT_CONVERSION = YES;
				CLANG_WARN_NON_LITERAL_NULL_CONVERSION = YES;
				CLANG_WARN_OBJC_IMPLICIT_RETAIN_SELF = YES;
				CLANG_WARN_OBJC_LITERAL_CONVERSION = YES;
				CLANG_WARN_OBJC_ROOT_CLASS = YES_ERROR;
				CLANG_WARN_QUOTED_INCLUDE_IN_FRAMEWORK_HEADER = YES;
				CLANG_WARN_RANGE_LOOP_ANALYSIS = YES;
				CLANG_WARN_STRICT_PROTOTYPES = YES;
				CLANG_WARN_SUSPICIOUS_MOVE = YES;
				CLANG_WARN_UNGUARDED_AVAILABILITY = YES_AGGRESSIVE;
				CLANG_WARN_UNREACHABLE_CODE = YES;
				CLANG_WARN__DUPLICATE_METHOD_MATCH = YES;
				COPY_PHASE_STRIP = NO;
				DEBUG_INFORMATION_FORMAT = dwarf;
				ENABLE_STRICT_OBJC_MSGSEND = YES;
				ENABLE_TESTABILITY = YES;
				GCC_C_LANGUAGE_STANDARD = gnu11;
				GCC_DYNAMIC_NO_PIC = NO;
				GCC_NO_COMMON_BLOCKS = YES;
				GCC_OPTIMIZATION_LEVEL = 0;
				GCC_PREPROCESSOR_DEFINITIONS = (
					"DEBUG=1",
					"$(inherited)",
				);
				GCC_WARN_64_TO_32_BIT_CONVERSION = YES;
				GCC_WARN_ABOUT_RETURN_TYPE = YES_ERROR;
				GCC_WARN_UNDECLARED_SELECTOR = YES;
				GCC_WARN_UNINITIALIZED_AUTOS = YES_AGGRESSIVE;
				GCC_WARN_UNUSED_FUNCTION = YES;
				GCC_WARN_UNUSED_VARIABLE = YES;
				IPHONEOS_DEPLOYMENT_TARGET = 16.4;
				MTL_ENABLE_DEBUG_INFO = INCLUDE_SOURCE;
				MTL_FAST_MATH = YES;
				ONLY_ACTIVE_ARCH = YES;
				SDKROOT = iphoneos;
				SWIFT_ACTIVE_COMPILATION_CONDITIONS = DEBUG;
				SWIFT_OPTIMIZATION_LEVEL = "-Onone";
			};
			name = Debug;
		};
		998BE0502A998AEF00138DB0 /* Release */ = {
			isa = XCBuildConfiguration;
			buildSettings = {
				ALWAYS_SEARCH_USER_PATHS = NO;
				CLANG_ANALYZER_NONNULL = YES;
				CLANG_ANALYZER_NUMBER_OBJECT_CONVERSION = YES_AGGRESSIVE;
				CLANG_CXX_LANGUAGE_STANDARD = "gnu++20";
				CLANG_ENABLE_MODULES = YES;
				CLANG_ENABLE_OBJC_ARC = YES;
				CLANG_ENABLE_OBJC_WEAK = YES;
				CLANG_WARN_BLOCK_CAPTURE_AUTORELEASING = YES;
				CLANG_WARN_BOOL_CONVERSION = YES;
				CLANG_WARN_COMMA = YES;
				CLANG_WARN_CONSTANT_CONVERSION = YES;
				CLANG_WARN_DEPRECATED_OBJC_IMPLEMENTATIONS = YES;
				CLANG_WARN_DIRECT_OBJC_ISA_USAGE = YES_ERROR;
				CLANG_WARN_DOCUMENTATION_COMMENTS = YES;
				CLANG_WARN_EMPTY_BODY = YES;
				CLANG_WARN_ENUM_CONVERSION = YES;
				CLANG_WARN_INFINITE_RECURSION = YES;
				CLANG_WARN_INT_CONVERSION = YES;
				CLANG_WARN_NON_LITERAL_NULL_CONVERSION = YES;
				CLANG_WARN_OBJC_IMPLICIT_RETAIN_SELF = YES;
				CLANG_WARN_OBJC_LITERAL_CONVERSION = YES;
				CLANG_WARN_OBJC_ROOT_CLASS = YES_ERROR;
				CLANG_WARN_QUOTED_INCLUDE_IN_FRAMEWORK_HEADER = YES;
				CLANG_WARN_RANGE_LOOP_ANALYSIS = YES;
				CLANG_WARN_STRICT_PROTOTYPES = YES;
				CLANG_WARN_SUSPICIOUS_MOVE = YES;
				CLANG_WARN_UNGUARDED_AVAILABILITY = YES_AGGRESSIVE;
				CLANG_WARN_UNREACHABLE_CODE = YES;
				CLANG_WARN__DUPLICATE_METHOD_MATCH = YES;
				COPY_PHASE_STRIP = NO;
				DEBUG_INFORMATION_FORMAT = "dwarf-with-dsym";
				ENABLE_NS_ASSERTIONS = NO;
				ENABLE_STRICT_OBJC_MSGSEND = YES;
				GCC_C_LANGUAGE_STANDARD = gnu11;
				GCC_NO_COMMON_BLOCKS = YES;
				GCC_WARN_64_TO_32_BIT_CONVERSION = YES;
				GCC_WARN_ABOUT_RETURN_TYPE = YES_ERROR;
				GCC_WARN_UNDECLARED_SELECTOR = YES;
				GCC_WARN_UNINITIALIZED_AUTOS = YES_AGGRESSIVE;
				GCC_WARN_UNUSED_FUNCTION = YES;
				GCC_WARN_UNUSED_VARIABLE = YES;
				IPHONEOS_DEPLOYMENT_TARGET = 16.4;
				MTL_ENABLE_DEBUG_INFO = NO;
				MTL_FAST_MATH = YES;
				SDKROOT = iphoneos;
				SWIFT_COMPILATION_MODE = wholemodule;
				SWIFT_OPTIMIZATION_LEVEL = "-O";
				VALIDATE_PRODUCT = YES;
			};
			name = Release;
		};
		998BE0522A998AEF00138DB0 /* Debug */ = {
			isa = XCBuildConfiguration;
			buildSettings = {
				ASSETCATALOG_COMPILER_APPICON_NAME = AppIcon;
				ASSETCATALOG_COMPILER_GLOBAL_ACCENT_COLOR_NAME = AccentColor;
				CODE_SIGN_STYLE = Automatic;
				CURRENT_PROJECT_VERSION = 1;
				DEVELOPMENT_ASSET_PATHS = "\"Presidential Elections/Preview Content\"";
				ENABLE_PREVIEWS = YES;
				GENERATE_INFOPLIST_FILE = YES;
				INFOPLIST_KEY_UIApplicationSceneManifest_Generation = YES;
				INFOPLIST_KEY_UIApplicationSupportsIndirectInputEvents = YES;
				INFOPLIST_KEY_UILaunchScreen_Generation = YES;
				INFOPLIST_KEY_UISupportedInterfaceOrientations_iPad = "UIInterfaceOrientationPortrait UIInterfaceOrientationPortraitUpsideDown UIInterfaceOrientationLandscapeLeft UIInterfaceOrientationLandscapeRight";
				INFOPLIST_KEY_UISupportedInterfaceOrientations_iPhone = "UIInterfaceOrientationPortrait UIInterfaceOrientationLandscapeLeft UIInterfaceOrientationLandscapeRight";
				LD_RUNPATH_SEARCH_PATHS = (
					"$(inherited)",
					"@executable_path/Frameworks",
				);
				MARKETING_VERSION = 1.0;
				PRODUCT_BUNDLE_IDENTIFIER = "com.Toh-Jia-Xuan.Presidential-Elections";
				PRODUCT_NAME = "$(TARGET_NAME)";
				SWIFT_EMIT_LOC_STRINGS = YES;
				SWIFT_VERSION = 5.0;
				TARGETED_DEVICE_FAMILY = "1,2";
			};
			name = Debug;
		};
		998BE0532A998AEF00138DB0 /* Release */ = {
			isa = XCBuildConfiguration;
			buildSettings = {
				ASSETCATALOG_COMPILER_APPICON_NAME = AppIcon;
				ASSETCATALOG_COMPILER_GLOBAL_ACCENT_COLOR_NAME = AccentColor;
				CODE_SIGN_STYLE = Automatic;
				CURRENT_PROJECT_VERSION = 1;
				DEVELOPMENT_ASSET_PATHS = "\"Presidential Elections/Preview Content\"";
				ENABLE_PREVIEWS = YES;
				GENERATE_INFOPLIST_FILE = YES;
				INFOPLIST_KEY_UIApplicationSceneManifest_Generation = YES;
				INFOPLIST_KEY_UIApplicationSupportsIndirectInputEvents = YES;
				INFOPLIST_KEY_UILaunchScreen_Generation = YES;
				INFOPLIST_KEY_UISupportedInterfaceOrientations_iPad = "UIInterfaceOrientationPortrait UIInterfaceOrientationPortraitUpsideDown UIInterfaceOrientationLandscapeLeft UIInterfaceOrientationLandscapeRight";
				INFOPLIST_KEY_UISupportedInterfaceOrientations_iPhone = "UIInterfaceOrientationPortrait UIInterfaceOrientationLandscapeLeft UIInterfaceOrientationLandscapeRight";
				LD_RUNPATH_SEARCH_PATHS = (
					"$(inherited)",
					"@executable_path/Frameworks",
				);
				MARKETING_VERSION = 1.0;
				PRODUCT_BUNDLE_IDENTIFIER = "com.Toh-Jia-Xuan.Presidential-Elections";
				PRODUCT_NAME = "$(TARGET_NAME)";
				SWIFT_EMIT_LOC_STRINGS = YES;
				SWIFT_VERSION = 5.0;
				TARGETED_DEVICE_FAMILY = "1,2";
			};
			name = Release;
		};
		998BE0552A998AEF00138DB0 /* Debug */ = {
			isa = XCBuildConfiguration;
			buildSettings = {
				ALWAYS_EMBED_SWIFT_STANDARD_LIBRARIES = YES;
				BUNDLE_LOADER = "$(TEST_HOST)";
				CODE_SIGN_STYLE = Automatic;
				CURRENT_PROJECT_VERSION = 1;
				GENERATE_INFOPLIST_FILE = YES;
				IPHONEOS_DEPLOYMENT_TARGET = 16.4;
				MARKETING_VERSION = 1.0;
				PRODUCT_BUNDLE_IDENTIFIER = "com.Toh-Jia-Xuan.Presidential-ElectionsTests";
				PRODUCT_NAME = "$(TARGET_NAME)";
				SWIFT_EMIT_LOC_STRINGS = NO;
				SWIFT_VERSION = 5.0;
				TARGETED_DEVICE_FAMILY = "1,2";
				TEST_HOST = "$(BUILT_PRODUCTS_DIR)/Presidential Elections.app/$(BUNDLE_EXECUTABLE_FOLDER_PATH)/Presidential Elections";
			};
			name = Debug;
		};
		998BE0562A998AEF00138DB0 /* Release */ = {
			isa = XCBuildConfiguration;
			buildSettings = {
				ALWAYS_EMBED_SWIFT_STANDARD_LIBRARIES = YES;
				BUNDLE_LOADER = "$(TEST_HOST)";
				CODE_SIGN_STYLE = Automatic;
				CURRENT_PROJECT_VERSION = 1;
				GENERATE_INFOPLIST_FILE = YES;
				IPHONEOS_DEPLOYMENT_TARGET = 16.4;
				MARKETING_VERSION = 1.0;
				PRODUCT_BUNDLE_IDENTIFIER = "com.Toh-Jia-Xuan.Presidential-ElectionsTests";
				PRODUCT_NAME = "$(TARGET_NAME)";
				SWIFT_EMIT_LOC_STRINGS = NO;
				SWIFT_VERSION = 5.0;
				TARGETED_DEVICE_FAMILY = "1,2";
				TEST_HOST = "$(BUILT_PRODUCTS_DIR)/Presidential Elections.app/$(BUNDLE_EXECUTABLE_FOLDER_PATH)/Presidential Elections";
			};
			name = Release;
		};
		998BE0582A998AEF00138DB0 /* Debug */ = {
			isa = XCBuildConfiguration;
			buildSettings = {
				ALWAYS_EMBED_SWIFT_STANDARD_LIBRARIES = YES;
				CODE_SIGN_STYLE = Automatic;
				CURRENT_PROJECT_VERSION = 1;
				GENERATE_INFOPLIST_FILE = YES;
				MARKETING_VERSION = 1.0;
				PRODUCT_BUNDLE_IDENTIFIER = "com.Toh-Jia-Xuan.Presidential-ElectionsUITests";
				PRODUCT_NAME = "$(TARGET_NAME)";
				SWIFT_EMIT_LOC_STRINGS = NO;
				SWIFT_VERSION = 5.0;
				TARGETED_DEVICE_FAMILY = "1,2";
				TEST_TARGET_NAME = "Presidential Elections";
			};
			name = Debug;
		};
		998BE0592A998AEF00138DB0 /* Release */ = {
			isa = XCBuildConfiguration;
			buildSettings = {
				ALWAYS_EMBED_SWIFT_STANDARD_LIBRARIES = YES;
				CODE_SIGN_STYLE = Automatic;
				CURRENT_PROJECT_VERSION = 1;
				GENERATE_INFOPLIST_FILE = YES;
				MARKETING_VERSION = 1.0;
				PRODUCT_BUNDLE_IDENTIFIER = "com.Toh-Jia-Xuan.Presidential-ElectionsUITests";
				PRODUCT_NAME = "$(TARGET_NAME)";
				SWIFT_EMIT_LOC_STRINGS = NO;
				SWIFT_VERSION = 5.0;
				TARGETED_DEVICE_FAMILY = "1,2";
				TEST_TARGET_NAME = "Presidential Elections";
			};
			name = Release;
		};
/* End XCBuildConfiguration section */

/* Begin XCConfigurationList section */
		998BE0282A998AEB00138DB0 /* Build configuration list for PBXProject "Presidential Elections" */ = {
			isa = XCConfigurationList;
			buildConfigurations = (
				998BE04F2A998AEF00138DB0 /* Debug */,
				998BE0502A998AEF00138DB0 /* Release */,
			);
			defaultConfigurationIsVisible = 0;
			defaultConfigurationName = Release;
		};
		998BE0512A998AEF00138DB0 /* Build configuration list for PBXNativeTarget "Presidential Elections" */ = {
			isa = XCConfigurationList;
			buildConfigurations = (
				998BE0522A998AEF00138DB0 /* Debug */,
				998BE0532A998AEF00138DB0 /* Release */,
			);
			defaultConfigurationIsVisible = 0;
			defaultConfigurationName = Release;
		};
		998BE0542A998AEF00138DB0 /* Build configuration list for PBXNativeTarget "Presidential ElectionsTests" */ = {
			isa = XCConfigurationList;
			buildConfigurations = (
				998BE0552A998AEF00138DB0 /* Debug */,
				998BE0562A998AEF00138DB0 /* Release */,
			);
			defaultConfigurationIsVisible = 0;
			defaultConfigurationName = Release;
		};
		998BE0572A998AEF00138DB0 /* Build configuration list for PBXNativeTarget "Presidential ElectionsUITests" */ = {
			isa = XCConfigurationList;
			buildConfigurations = (
				998BE0582A998AEF00138DB0 /* Debug */,
				998BE0592A998AEF00138DB0 /* Release */,
			);
			defaultConfigurationIsVisible = 0;
			defaultConfigurationName = Release;
		};
/* End XCConfigurationList section */
	};
	rootObject = 998BE0252A998AEB00138DB0 /* Project object */;
}
